{
  "name": "@balmli/homey-moment-timezone",
  "version": "1.0.7",
  "lockfileVersion": 2,
  "requires": true,
  "packages": {
    "": {
      "name": "@balmli/homey-moment-timezone",
      "version": "1.0.7",
      "license": "ISC",
      "dependencies": {
        "@balmli/homey-moment": "1.0.8"
      },
      "devDependencies": {
        "typescript": "^4.6.4"
      },
      "engines": {
        "node": "*"
      }
    },
    "node_modules/@balmli/homey-moment": {
      "version": "1.0.8",
      "resolved": "https://npm.pkg.github.com/download/@balmli/homey-moment/1.0.8/43820cb69dacf3406af6a2691a05ff3ada0ed178",
      "integrity": "sha512-0UKnNvfeW2XksjRNOiqBuMiGd1Wxk8a8QRCiCuz8W2BjZ5unJzs3Vuph5ZnJVnGihKsHiu38gnl7yWFHwgQxyw==",
      "license": "ISC",
      "engines": {
        "node": "*"
      }
    },
    "node_modules/typescript": {
      "version": "4.9.4",
      "resolved": "https://registry.npmjs.org/typescript/-/typescript-4.9.4.tgz",
      "integrity": "sha512-Uz+dTXYzxXXbsFpM86Wh3dKCxrQqUcVMxwU54orwlJjOpO3ao8L7j5lH+dWfTwgCwIuM9GQ2kvVotzYJMXTBZg==",
      "dev": true,
      "bin": {
        "tsc": "bin/tsc",
        "tsserver": "bin/tsserver"
      },
      "engines": {
        "node": ">=4.2.0"
      }
    }
  },
  "dependencies": {
    "@balmli/homey-moment": {
      "version": "1.0.8",
      "resolved": "https://npm.pkg.github.com/download/@balmli/homey-moment/1.0.8/43820cb69dacf3406af6a2691a05ff3ada0ed178",
      "integrity": "sha512-0UKnNvfeW2XksjRNOiqBuMiGd1Wxk8a8QRCiCuz8W2BjZ5unJzs3Vuph5ZnJVnGihKsHiu38gnl7yWFHwgQxyw=="
    },
    "typescript": {
      "version": "4.9.4",
      "resolved": "https://registry.npmjs.org/typescript/-/typescript-4.9.4.tgz",
      "integrity": "sha512-Uz+dTXYzxXXbsFpM86Wh3dKCxrQqUcVMxwU54orwlJjOpO3ao8L7j5lH+dWfTwgCwIuM9GQ2kvVotzYJMXTBZg==",
      "dev": true
    }
  }
}
